
Microsoft Visual Studio Solution File, Format Version 12.00
# Visual Studio Version 16
VisualStudioVersion = 16.0.30002.166
MinimumVisualStudioVersion = 10.0.40219.1
Project("{FAE04EC0-301F-11D3-BF4B-00C04F79EFBC}") = "SqlAlwaysEncrypt", "SqlAlwaysEncrypt\SqlAlwaysEncrypt.csproj", "{D0360558-B724-49E8-B183-5F7B3755A42C}"
EndProject
Global
	GlobalSection(SolutionConfigurationPlatforms) = preSolution
		Debug|Any CPU = Debug|Any CPU
		Release|Any CPU = Release|Any CPU
	EndGlobalSection
	GlobalSection(ProjectConfigurationPlatforms) = postSolution
		{D0360558-B724-49E8-B183-5F7B3755A42C}.Debug|Any CPU.ActiveCfg = Debug|Any CPU
		{D0360558-B724-49E8-B183-5F7B3755A42C}.Debug|Any CPU.Build.0 = Debug|Any CPU
		{D0360558-B724-49E8-B183-5F7B3755A42C}.Release|Any CPU.ActiveCfg = Release|Any CPU
		{D0360558-B724-49E8-B183-5F7B3755A42C}.Release|Any CPU.Build.0 = Release|Any CPU
	EndGlobalSection
	GlobalSection(SolutionProperties) = preSolution
		HideSolutionNode = FALSE
	EndGlobalSection
	GlobalSection(ExtensibilityGlobals) = postSolution
		SolutionGuid = {DE931009-7C9D-4CC6-95FB-9E6402CA8550}
	EndGlobalSection
EndGlobal
